
Microsoft Visual Studio Solution File, Format Version 12.00
# Visual Studio Version 16
VisualStudioVersion = 16.0.29709.97
MinimumVisualStudioVersion = 10.0.40219.1
Project("{FAE04EC0-301F-11D3-BF4B-00C04F79EFBC}") = "Lexicotron.UI", "Lexicotron.UI\Lexicotron.UI.csproj", "{489B5B75-A5FC-4882-903F-8CAEB3E4CE3F}"
EndProject
Project("{FAE04EC0-301F-11D3-BF4B-00C04F79EFBC}") = "Lexicotron.Database", "Lexicotron.Database\Lexicotron.Database.csproj", "{AE0F5366-0B45-4F3F-A03F-EA979FCEE85F}"
EndProject
Project("{FAE04EC0-301F-11D3-BF4B-00C04F79EFBC}") = "Lexicotron.Core", "Lexicotron.Core\Lexicotron.Core.csproj", "{09668A60-18B0-4896-BFE0-37B4C92672DF}"
EndProject
Project("{2150E333-8FDC-42A3-9474-1A3956D46DE8}") = "Solution Items", "Solution Items", "{AC7117F4-E732-4CC0-932F-C8E7DED61DDD}"
	ProjectSection(SolutionItems) = preProject
		README.md = README.md
	EndProjectSection
EndProject
Project("{FAE04EC0-301F-11D3-BF4B-00C04F79EFBC}") = "ConsoleTest", "ConsoleTest\ConsoleTest.csproj", "{88704785-B348-4848-8A02-8C52A8983A0D}"
EndProject
Project("{FAE04EC0-301F-11D3-BF4B-00C04F79EFBC}") = "APIRequestsTest", "APIRequestsTest\APIRequestsTest.csproj", "{A02DB3C8-F27C-4366-96C2-EED1A45ADF08}"
EndProject
Project("{FAE04EC0-301F-11D3-BF4B-00C04F79EFBC}") = "Lexicotron.Tests", "Lexicotron.Tests\Lexicotron.Tests.csproj", "{C351D2E2-4B77-4F7E-B24E-81D46A2D5028}"
EndProject
Global
	GlobalSection(SolutionConfigurationPlatforms) = preSolution
		Debug|Any CPU = Debug|Any CPU
		Release|Any CPU = Release|Any CPU
	EndGlobalSection
	GlobalSection(ProjectConfigurationPlatforms) = postSolution
		{489B5B75-A5FC-4882-903F-8CAEB3E4CE3F}.Debug|Any CPU.ActiveCfg = Debug|Any CPU
		{489B5B75-A5FC-4882-903F-8CAEB3E4CE3F}.Debug|Any CPU.Build.0 = Debug|Any CPU
		{489B5B75-A5FC-4882-903F-8CAEB3E4CE3F}.Release|Any CPU.ActiveCfg = Release|Any CPU
		{489B5B75-A5FC-4882-903F-8CAEB3E4CE3F}.Release|Any CPU.Build.0 = Release|Any CPU
		{AE0F5366-0B45-4F3F-A03F-EA979FCEE85F}.Debug|Any CPU.ActiveCfg = Debug|Any CPU
		{AE0F5366-0B45-4F3F-A03F-EA979FCEE85F}.Debug|Any CPU.Build.0 = Debug|Any CPU
		{AE0F5366-0B45-4F3F-A03F-EA979FCEE85F}.Release|Any CPU.ActiveCfg = Release|Any CPU
		{AE0F5366-0B45-4F3F-A03F-EA979FCEE85F}.Release|Any CPU.Build.0 = Release|Any CPU
		{09668A60-18B0-4896-BFE0-37B4C92672DF}.Debug|Any CPU.ActiveCfg = Debug|Any CPU
		{09668A60-18B0-4896-BFE0-37B4C92672DF}.Debug|Any CPU.Build.0 = Debug|Any CPU
		{09668A60-18B0-4896-BFE0-37B4C92672DF}.Release|Any CPU.ActiveCfg = Release|Any CPU
		{09668A60-18B0-4896-BFE0-37B4C92672DF}.Release|Any CPU.Build.0 = Release|Any CPU
		{88704785-B348-4848-8A02-8C52A8983A0D}.Debug|Any CPU.ActiveCfg = Debug|Any CPU
		{88704785-B348-4848-8A02-8C52A8983A0D}.Debug|Any CPU.Build.0 = Debug|Any CPU
		{88704785-B348-4848-8A02-8C52A8983A0D}.Release|Any CPU.ActiveCfg = Release|Any CPU
		{88704785-B348-4848-8A02-8C52A8983A0D}.Release|Any CPU.Build.0 = Release|Any CPU
		{A02DB3C8-F27C-4366-96C2-EED1A45ADF08}.Debug|Any CPU.ActiveCfg = Debug|Any CPU
		{A02DB3C8-F27C-4366-96C2-EED1A45ADF08}.Debug|Any CPU.Build.0 = Debug|Any CPU
		{A02DB3C8-F27C-4366-96C2-EED1A45ADF08}.Release|Any CPU.ActiveCfg = Release|Any CPU
		{A02DB3C8-F27C-4366-96C2-EED1A45ADF08}.Release|Any CPU.Build.0 = Release|Any CPU
		{C351D2E2-4B77-4F7E-B24E-81D46A2D5028}.Debug|Any CPU.ActiveCfg = Debug|Any CPU
		{C351D2E2-4B77-4F7E-B24E-81D46A2D5028}.Debug|Any CPU.Build.0 = Debug|Any CPU
		{C351D2E2-4B77-4F7E-B24E-81D46A2D5028}.Release|Any CPU.ActiveCfg = Release|Any CPU
		{C351D2E2-4B77-4F7E-B24E-81D46A2D5028}.Release|Any CPU.Build.0 = Release|Any CPU
	EndGlobalSection
	GlobalSection(SolutionProperties) = preSolution
		HideSolutionNode = FALSE
	EndGlobalSection
	GlobalSection(ExtensibilityGlobals) = postSolution
		SolutionGuid = {1BAC6AB5-1C5C-4F02-A315-F1D91FE5B7B0}
	EndGlobalSection
EndGlobal
